
Microsoft Visual Studio Solution File, Format Version 12.00
# Visual Studio 2013
VisualStudioVersion = 12.0.21005.1
MinimumVisualStudioVersion = 10.0.40219.1
Project("{8BC9CEB8-8B4A-11D0-8D11-00A0C91BC942}") = "test_1_31", "test_1_31\test_1_31.vcxproj", "{DC9382EE-9F0E-435B-AB3B-368CDCE4AD74}"
EndProject
Global
	GlobalSection(SolutionConfigurationPlatforms) = preSolution
		Debug|Win32 = Debug|Win32
		Release|Win32 = Release|Win32
	EndGlobalSection
	GlobalSection(ProjectConfigurationPlatforms) = postSolution
		{DC9382EE-9F0E-435B-AB3B-368CDCE4AD74}.Debug|Win32.ActiveCfg = Debug|Win32
		{DC9382EE-9F0E-435B-AB3B-368CDCE4AD74}.Debug|Win32.Build.0 = Debug|Win32
		{DC9382EE-9F0E-435B-AB3B-368CDCE4AD74}.Release|Win32.ActiveCfg = Release|Win32
		{DC9382EE-9F0E-435B-AB3B-368CDCE4AD74}.Release|Win32.Build.0 = Release|Win32
	EndGlobalSection
	GlobalSection(SolutionProperties) = preSolution
		HideSolutionNode = FALSE
	EndGlobalSection
EndGlobal
